<?xml version="1.0" encoding="UTF-8"?>
<Scheme
   LastUpgradeVersion = "2600"
   version = "1.7">
   <BuildAction
      parallelizeBuildables = "YES"
      buildImplicitDependencies = "YES"
      buildArchitectures = "Automatic">
      <BuildActionEntries>
         <BuildActionEntry
            buildForTesting = "YES"
            buildForRunning = "YES"
            buildForProfiling = "YES"
            buildForArchiving = "YES"
            buildForAnalyzing = "YES">
            <BuildableReference
               BuildableIdentifier = "primary"
               BlueprintIdentifier = "AB8BDE3A2E9E4D8C00F220D2"
               BuildableName = "&#x846b;&#x82a6;&#x80cc;&#x8bcd;.app"
               BlueprintName = "&#x846b;&#x82a6;&#x80cc;&#x8bcd;"
               ReferencedContainer = "container:&#x846b;&#x82a6;&#x80cc;&#x8bcd;.xcodeproj">
            </BuildableReference>
         </BuildActionEntry>
      </BuildActionEntries>
   </BuildAction>
   <TestAction
      buildConfiguration = "Debug"
      selectedDebuggerIdentifier = "Xcode.DebuggerFoundation.Debugger.LLDB"
      selectedLauncherIdentifier = "Xcode.DebuggerFoundation.Launcher.LLDB"
      shouldUseLaunchSchemeArgsEnv = "YES"
      shouldAutocreateTestPlan = "YES">
      <Testables>
         <TestableReference
            skipped = "NO"
            parallelizable = "YES">
            <BuildableReference
               BuildableIdentifier = "primary"
               BlueprintIdentifier = "AB8BDE472E9E4D8E00F220D2"
               BuildableName = "&#x846b;&#x82a6;&#x80cc;&#x8bcd;Tests.xctest"
               BlueprintName = "&#x846b;&#x82a6;&#x80cc;&#x8bcd;Tests"
               ReferencedContainer = "container:&#x846b;&#x82a6;&#x80cc;&#x8bcd;.xcodeproj">
            </BuildableReference>
         </TestableReference>
         <TestableReference
            skipped = "NO"
            parallelizable = "YES">
            <BuildableReference
               BuildableIdentifier = "primary"
               BlueprintIdentifier = "AB8BDE512E9E4D8E00F220D2"
               BuildableName = "&#x846b;&#x82a6;&#x80cc;&#x8bcd;UITests.xctest"
               BlueprintName = "&#x846b;&#x82a6;&#x80cc;&#x8bcd;UITests"
               ReferencedContainer = "container:&#x846b;&#x82a6;&#x80cc;&#x8bcd;.xcodeproj">
            </BuildableReference>
         </TestableReference>
      </Testables>
   </TestAction>
   <LaunchAction
      buildConfiguration = "Release"
      selectedDebuggerIdentifier = "Xcode.DebuggerFoundation.Debugger.LLDB"
      selectedLauncherIdentifier = "Xcode.DebuggerFoundation.Launcher.LLDB"
      launchStyle = "0"
      useCustomWorkingDirectory = "NO"
      ignoresPersistentStateOnLaunch = "NO"
      debugDocumentVersioning = "YES"
      debugServiceExtension = "internal"
      allowLocationSimulation = "YES"
      consoleMode = "0"
      structuredConsoleMode = "1">
      <BuildableProductRunnable
         runnableDebuggingMode = "0">
         <BuildableReference
            BuildableIdentifier = "primary"
            BlueprintIdentifier = "AB8BDE3A2E9E4D8C00F220D2"
            BuildableName = "&#x846b;&#x82a6;&#x80cc;&#x8bcd;.app"
            BlueprintName = "&#x846b;&#x82a6;&#x80cc;&#x8bcd;"
            ReferencedContainer = "container:&#x846b;&#x82a6;&#x80cc;&#x8bcd;.xcodeproj">
         </BuildableReference>
      </BuildableProductRunnable>
      <LocationScenarioReference
         identifier = "com.apple.dt.IDEFoundation.CurrentLocationScenarioIdentifier"
         referenceType = "1">
      </LocationScenarioReference>
      <StoreKitConfigurationFileReference
         identifier = "../../&#x846b;&#x82a6;&#x80cc;&#x8bcd;/&#x846b;&#x82a6;&#x80cc;&#x8bcd;/StoreKit.storekit">
      </StoreKitConfigurationFileReference>
   </LaunchAction>
   <ProfileAction
      buildConfiguration = "Release"
      shouldUseLaunchSchemeArgsEnv = "YES"
      savedToolIdentifier = ""
      useCustomWorkingDirectory = "NO"
      debugDocumentVersioning = "YES">
      <BuildableProductRunnable
         runnableDebuggingMode = "0">
         <BuildableReference
            BuildableIdentifier = "primary"
            BlueprintIdentifier = "AB8BDE3A2E9E4D8C00F220D2"
            BuildableName = "&#x846b;&#x82a6;&#x80cc;&#x8bcd;.app"
            BlueprintName = "&#x846b;&#x82a6;&#x80cc;&#x8bcd;"
            ReferencedContainer = "container:&#x846b;&#x82a6;&#x80cc;&#x8bcd;.xcodeproj">
         </BuildableReference>
      </BuildableProductRunnable>
   </ProfileAction>
   <AnalyzeAction
      buildConfiguration = "Debug">
   </AnalyzeAction>
   <ArchiveAction
      buildConfiguration = "Release"
      revealArchiveInOrganizer = "YES">
   </ArchiveAction>
</Scheme>
